
Microsoft Visual Studio Solution File, Format Version 12.00
# Visual Studio Version 16
VisualStudioVersion = 16.0.31424.327
MinimumVisualStudioVersion = 10.0.40219.1
Project("{FAE04EC0-301F-11D3-BF4B-00C04F79EFBC}") = "OOP_HW", "OOP_HW.csproj", "{78F7EF6C-6B5B-4A86-94A6-2757609965F3}"
EndProject
Project("{FAE04EC0-301F-11D3-BF4B-00C04F79EFBC}") = "TestApp", "TestApp\TestApp.csproj", "{AEEE8121-F12B-4682-81BA-6B73F4DA7B8D}"
EndProject
Global
	GlobalSection(SolutionConfigurationPlatforms) = preSolution
		Debug|Any CPU = Debug|Any CPU
		Release|Any CPU = Release|Any CPU
	EndGlobalSection
	GlobalSection(ProjectConfigurationPlatforms) = postSolution
		{78F7EF6C-6B5B-4A86-94A6-2757609965F3}.Debug|Any CPU.ActiveCfg = Debug|Any CPU
		{78F7EF6C-6B5B-4A86-94A6-2757609965F3}.Debug|Any CPU.Build.0 = Debug|Any CPU
		{78F7EF6C-6B5B-4A86-94A6-2757609965F3}.Release|Any CPU.ActiveCfg = Release|Any CPU
		{78F7EF6C-6B5B-4A86-94A6-2757609965F3}.Release|Any CPU.Build.0 = Release|Any CPU
		{AEEE8121-F12B-4682-81BA-6B73F4DA7B8D}.Debug|Any CPU.ActiveCfg = Debug|Any CPU
		{AEEE8121-F12B-4682-81BA-6B73F4DA7B8D}.Debug|Any CPU.Build.0 = Debug|Any CPU
		{AEEE8121-F12B-4682-81BA-6B73F4DA7B8D}.Release|Any CPU.ActiveCfg = Release|Any CPU
		{AEEE8121-F12B-4682-81BA-6B73F4DA7B8D}.Release|Any CPU.Build.0 = Release|Any CPU
	EndGlobalSection
	GlobalSection(SolutionProperties) = preSolution
		HideSolutionNode = FALSE
	EndGlobalSection
	GlobalSection(ExtensibilityGlobals) = postSolution
		SolutionGuid = {1E8FD9CC-583F-4A93-913A-E47FCE26BA81}
	EndGlobalSection
EndGlobal
